
Microsoft Visual Studio Solution File, Format Version 12.00
# Visual Studio Version 17
VisualStudioVersion = 17.11.35222.181
MinimumVisualStudioVersion = 10.0.40219.1
Project("{888888A0-9F3D-457C-B088-3A5042F75D52}") = "упражнение 4", "упражнение 4\упражнение 4.pyproj", "{FBB29E62-FDFE-475F-96DB-680FDBF0A33E}"
EndProject
Global
	GlobalSection(SolutionConfigurationPlatforms) = preSolution
		Debug|Any CPU = Debug|Any CPU
		Release|Any CPU = Release|Any CPU
	EndGlobalSection
	GlobalSection(ProjectConfigurationPlatforms) = postSolution
		{FBB29E62-FDFE-475F-96DB-680FDBF0A33E}.Debug|Any CPU.ActiveCfg = Debug|Any CPU
		{FBB29E62-FDFE-475F-96DB-680FDBF0A33E}.Release|Any CPU.ActiveCfg = Release|Any CPU
	EndGlobalSection
	GlobalSection(SolutionProperties) = preSolution
		HideSolutionNode = FALSE
	EndGlobalSection
	GlobalSection(ExtensibilityGlobals) = postSolution
		SolutionGuid = {03F227A5-24DB-4A56-B3F4-B7D843A546CA}
	EndGlobalSection
EndGlobal
