
Microsoft Visual Studio Solution File, Format Version 12.00
# Visual Studio Version 17
VisualStudioVersion = 17.11.35222.181
MinimumVisualStudioVersion = 10.0.40219.1
Project("{888888A0-9F3D-457C-B088-3A5042F75D52}") = "упражнение 2", "упражнение 2\упражнение 2.pyproj", "{B51E5B58-4F7B-4143-8290-1930ECD07349}"
EndProject
Global
	GlobalSection(SolutionConfigurationPlatforms) = preSolution
		Debug|Any CPU = Debug|Any CPU
		Release|Any CPU = Release|Any CPU
	EndGlobalSection
	GlobalSection(ProjectConfigurationPlatforms) = postSolution
		{B51E5B58-4F7B-4143-8290-1930ECD07349}.Debug|Any CPU.ActiveCfg = Debug|Any CPU
		{B51E5B58-4F7B-4143-8290-1930ECD07349}.Release|Any CPU.ActiveCfg = Release|Any CPU
	EndGlobalSection
	GlobalSection(SolutionProperties) = preSolution
		HideSolutionNode = FALSE
	EndGlobalSection
	GlobalSection(ExtensibilityGlobals) = postSolution
		SolutionGuid = {58EEDA97-1449-4FA2-950A-03D834EDEF19}
	EndGlobalSection
EndGlobal
