
Microsoft Visual Studio Solution File, Format Version 12.00
# Visual Studio Version 17
VisualStudioVersion = 17.11.35222.181
MinimumVisualStudioVersion = 10.0.40219.1
Project("{888888A0-9F3D-457C-B088-3A5042F75D52}") = "упражнение 3", "упражнение 3\упражнение 3.pyproj", "{2DBE16D4-F65F-447D-AC49-994F0B867476}"
EndProject
Global
	GlobalSection(SolutionConfigurationPlatforms) = preSolution
		Debug|Any CPU = Debug|Any CPU
		Release|Any CPU = Release|Any CPU
	EndGlobalSection
	GlobalSection(ProjectConfigurationPlatforms) = postSolution
		{2DBE16D4-F65F-447D-AC49-994F0B867476}.Debug|Any CPU.ActiveCfg = Debug|Any CPU
		{2DBE16D4-F65F-447D-AC49-994F0B867476}.Release|Any CPU.ActiveCfg = Release|Any CPU
	EndGlobalSection
	GlobalSection(SolutionProperties) = preSolution
		HideSolutionNode = FALSE
	EndGlobalSection
	GlobalSection(ExtensibilityGlobals) = postSolution
		SolutionGuid = {D9CF8266-9D32-456B-90D6-A72ACEEA00E0}
	EndGlobalSection
EndGlobal
