
Microsoft Visual Studio Solution File, Format Version 12.00
# Visual Studio Version 17
VisualStudioVersion = 17.11.35222.181
MinimumVisualStudioVersion = 10.0.40219.1
Project("{888888A0-9F3D-457C-B088-3A5042F75D52}") = "упражнение 4", "упражнение 4\упражнение 4.pyproj", "{DC277D3C-F285-4246-AC39-91815F0A35CE}"
EndProject
Global
	GlobalSection(SolutionConfigurationPlatforms) = preSolution
		Debug|Any CPU = Debug|Any CPU
		Release|Any CPU = Release|Any CPU
	EndGlobalSection
	GlobalSection(ProjectConfigurationPlatforms) = postSolution
		{DC277D3C-F285-4246-AC39-91815F0A35CE}.Debug|Any CPU.ActiveCfg = Debug|Any CPU
		{DC277D3C-F285-4246-AC39-91815F0A35CE}.Release|Any CPU.ActiveCfg = Release|Any CPU
	EndGlobalSection
	GlobalSection(SolutionProperties) = preSolution
		HideSolutionNode = FALSE
	EndGlobalSection
	GlobalSection(ExtensibilityGlobals) = postSolution
		SolutionGuid = {3DFB0906-A818-466C-A66C-061BB293AC3D}
	EndGlobalSection
EndGlobal
