
Microsoft Visual Studio Solution File, Format Version 12.00
# Visual Studio Version 17
VisualStudioVersion = 17.11.35222.181
MinimumVisualStudioVersion = 10.0.40219.1
Project("{888888A0-9F3D-457C-B088-3A5042F75D52}") = "упражнение 7", "упражнение 7\упражнение 7.pyproj", "{941F403B-6D7C-46A6-B435-39C86E273BDB}"
EndProject
Global
	GlobalSection(SolutionConfigurationPlatforms) = preSolution
		Debug|Any CPU = Debug|Any CPU
		Release|Any CPU = Release|Any CPU
	EndGlobalSection
	GlobalSection(ProjectConfigurationPlatforms) = postSolution
		{941F403B-6D7C-46A6-B435-39C86E273BDB}.Debug|Any CPU.ActiveCfg = Debug|Any CPU
		{941F403B-6D7C-46A6-B435-39C86E273BDB}.Release|Any CPU.ActiveCfg = Release|Any CPU
	EndGlobalSection
	GlobalSection(SolutionProperties) = preSolution
		HideSolutionNode = FALSE
	EndGlobalSection
	GlobalSection(ExtensibilityGlobals) = postSolution
		SolutionGuid = {84120F66-FD5E-4B17-9D24-7A7E778524DE}
	EndGlobalSection
EndGlobal
