
Microsoft Visual Studio Solution File, Format Version 12.00
# Visual Studio Version 17
VisualStudioVersion = 17.11.35222.181
MinimumVisualStudioVersion = 10.0.40219.1
Project("{888888A0-9F3D-457C-B088-3A5042F75D52}") = "упражнение 8", "упражнение 8\упражнение 8.pyproj", "{0CED6FDB-5D35-4CFC-9A55-188E70E83624}"
EndProject
Global
	GlobalSection(SolutionConfigurationPlatforms) = preSolution
		Debug|Any CPU = Debug|Any CPU
		Release|Any CPU = Release|Any CPU
	EndGlobalSection
	GlobalSection(ProjectConfigurationPlatforms) = postSolution
		{0CED6FDB-5D35-4CFC-9A55-188E70E83624}.Debug|Any CPU.ActiveCfg = Debug|Any CPU
		{0CED6FDB-5D35-4CFC-9A55-188E70E83624}.Release|Any CPU.ActiveCfg = Release|Any CPU
	EndGlobalSection
	GlobalSection(SolutionProperties) = preSolution
		HideSolutionNode = FALSE
	EndGlobalSection
	GlobalSection(ExtensibilityGlobals) = postSolution
		SolutionGuid = {81B26C0C-E63B-4C7A-A400-46D4EA725FA9}
	EndGlobalSection
EndGlobal
