
Microsoft Visual Studio Solution File, Format Version 12.00
# Visual Studio Version 17
VisualStudioVersion = 17.11.35222.181
MinimumVisualStudioVersion = 10.0.40219.1
Project("{888888A0-9F3D-457C-B088-3A5042F75D52}") = "упражнение 4", "упражнение 4\упражнение 4.pyproj", "{CCF758F8-5AD3-4CB5-80B5-C1B81971CF9B}"
EndProject
Global
	GlobalSection(SolutionConfigurationPlatforms) = preSolution
		Debug|Any CPU = Debug|Any CPU
		Release|Any CPU = Release|Any CPU
	EndGlobalSection
	GlobalSection(ProjectConfigurationPlatforms) = postSolution
		{CCF758F8-5AD3-4CB5-80B5-C1B81971CF9B}.Debug|Any CPU.ActiveCfg = Debug|Any CPU
		{CCF758F8-5AD3-4CB5-80B5-C1B81971CF9B}.Release|Any CPU.ActiveCfg = Release|Any CPU
	EndGlobalSection
	GlobalSection(SolutionProperties) = preSolution
		HideSolutionNode = FALSE
	EndGlobalSection
	GlobalSection(ExtensibilityGlobals) = postSolution
		SolutionGuid = {A8298950-0B14-4970-B8B8-152F150E94BD}
	EndGlobalSection
EndGlobal
