
Microsoft Visual Studio Solution File, Format Version 12.00
# Visual Studio Version 17
VisualStudioVersion = 17.11.35222.181
MinimumVisualStudioVersion = 10.0.40219.1
Project("{888888A0-9F3D-457C-B088-3A5042F75D52}") = "полька", "полька\полька.pyproj", "{CE9D89FD-E14F-4D12-B06C-B097FFD958DD}"
EndProject
Global
	GlobalSection(SolutionConfigurationPlatforms) = preSolution
		Debug|Any CPU = Debug|Any CPU
		Release|Any CPU = Release|Any CPU
	EndGlobalSection
	GlobalSection(ProjectConfigurationPlatforms) = postSolution
		{CE9D89FD-E14F-4D12-B06C-B097FFD958DD}.Debug|Any CPU.ActiveCfg = Debug|Any CPU
		{CE9D89FD-E14F-4D12-B06C-B097FFD958DD}.Release|Any CPU.ActiveCfg = Release|Any CPU
	EndGlobalSection
	GlobalSection(SolutionProperties) = preSolution
		HideSolutionNode = FALSE
	EndGlobalSection
	GlobalSection(ExtensibilityGlobals) = postSolution
		SolutionGuid = {1E5336A9-AED3-4B73-A5D3-FC4D61C676AE}
	EndGlobalSection
EndGlobal
