
Microsoft Visual Studio Solution File, Format Version 12.00
# Visual Studio Version 17
VisualStudioVersion = 17.11.35222.181
MinimumVisualStudioVersion = 10.0.40219.1
Project("{888888A0-9F3D-457C-B088-3A5042F75D52}") = "упражнение 2", "упражнение 2\упражнение 2.pyproj", "{0C1AC177-580A-4BDE-ACB6-CC701E121182}"
EndProject
Global
	GlobalSection(SolutionConfigurationPlatforms) = preSolution
		Debug|Any CPU = Debug|Any CPU
		Release|Any CPU = Release|Any CPU
	EndGlobalSection
	GlobalSection(ProjectConfigurationPlatforms) = postSolution
		{0C1AC177-580A-4BDE-ACB6-CC701E121182}.Debug|Any CPU.ActiveCfg = Debug|Any CPU
		{0C1AC177-580A-4BDE-ACB6-CC701E121182}.Release|Any CPU.ActiveCfg = Release|Any CPU
	EndGlobalSection
	GlobalSection(SolutionProperties) = preSolution
		HideSolutionNode = FALSE
	EndGlobalSection
	GlobalSection(ExtensibilityGlobals) = postSolution
		SolutionGuid = {6BE06A4A-D5AA-43AF-A5E7-810705F7DE1C}
	EndGlobalSection
EndGlobal
