
Microsoft Visual Studio Solution File, Format Version 12.00
# Visual Studio Version 17
VisualStudioVersion = 17.11.35222.181
MinimumVisualStudioVersion = 10.0.40219.1
Project("{888888A0-9F3D-457C-B088-3A5042F75D52}") = "упражнение 2", "упражнение 2\упражнение 2.pyproj", "{C7705501-C668-46DF-87B5-AC008CA09601}"
EndProject
Global
	GlobalSection(SolutionConfigurationPlatforms) = preSolution
		Debug|Any CPU = Debug|Any CPU
		Release|Any CPU = Release|Any CPU
	EndGlobalSection
	GlobalSection(ProjectConfigurationPlatforms) = postSolution
		{C7705501-C668-46DF-87B5-AC008CA09601}.Debug|Any CPU.ActiveCfg = Debug|Any CPU
		{C7705501-C668-46DF-87B5-AC008CA09601}.Release|Any CPU.ActiveCfg = Release|Any CPU
	EndGlobalSection
	GlobalSection(SolutionProperties) = preSolution
		HideSolutionNode = FALSE
	EndGlobalSection
	GlobalSection(ExtensibilityGlobals) = postSolution
		SolutionGuid = {8C753E9F-8EC0-420B-B49A-0717FED5DEB9}
	EndGlobalSection
EndGlobal
