
Microsoft Visual Studio Solution File, Format Version 12.00
# Visual Studio Version 17
VisualStudioVersion = 17.11.35222.181
MinimumVisualStudioVersion = 10.0.40219.1
Project("{888888A0-9F3D-457C-B088-3A5042F75D52}") = "упражнение 6", "упражнение 6\упражнение 6.pyproj", "{01506259-C0B0-4EA1-9509-F39D1BE46801}"
EndProject
Global
	GlobalSection(SolutionConfigurationPlatforms) = preSolution
		Debug|Any CPU = Debug|Any CPU
		Release|Any CPU = Release|Any CPU
	EndGlobalSection
	GlobalSection(ProjectConfigurationPlatforms) = postSolution
		{01506259-C0B0-4EA1-9509-F39D1BE46801}.Debug|Any CPU.ActiveCfg = Debug|Any CPU
		{01506259-C0B0-4EA1-9509-F39D1BE46801}.Release|Any CPU.ActiveCfg = Release|Any CPU
	EndGlobalSection
	GlobalSection(SolutionProperties) = preSolution
		HideSolutionNode = FALSE
	EndGlobalSection
	GlobalSection(ExtensibilityGlobals) = postSolution
		SolutionGuid = {DA5F793F-CB83-40ED-8B02-1459EA721D29}
	EndGlobalSection
EndGlobal
